PODS:
  - flutter_whisperkit_apple (0.0.1):
    - FlutterMacOS
  - FlutterMacOS (1.0.0)

DEPENDENCIES:
  - flutter_whisperkit_apple (from `Flutter/ephemeral/.symlinks/plugins/flutter_whisperkit_apple/macos`)
  - FlutterMacOS (from `Flutter/ephemeral`)

EXTERNAL SOURCES:
  flutter_whisperkit_apple:
    :path: Flutter/ephemeral/.symlinks/plugins/flutter_whisperkit_apple/macos
  FlutterMacOS:
    :path: Flutter/ephemeral

SPEC CHECKSUMS:
  flutter_whisperkit_apple: ffa9a8ebf18a9a5591b2ab5c500b02f127fd5ef3
  FlutterMacOS: 8f6f14fa908a6fb3fba0cd85dbd81ec4b251fb24

PODFILE CHECKSUM: 7eb978b976557c8c1cd717d8185ec483fd090a82

COCOAPODS: 1.16.2
